<?xml version="1.0" encoding="utf-8"?>
<Project ToolsVersion="4.0" xmlns="http://schemas.microsoft.com/developer/msbuild/2003">
  <ItemGroup>
    <Filter Include="main">
      <UniqueIdentifier>{92854d2e-6fe5-40ef-b60b-9628065b429d}</UniqueIdentifier>
    </Filter>
    <Filter Include="classes">
      <UniqueIdentifier>{cffd9ba2-4284-4e3d-90d6-a8072ab15279}</UniqueIdentifier>
    </Filter>
    <Filter Include="classes\global">
      <UniqueIdentifier>{718f8f6b-c396-450f-a2fa-c0a1bc11eabe}</UniqueIdentifier>
    </Filter>
    <Filter Include="classes\global\define">
      <UniqueIdentifier>{0d020e1b-c572-41d2-a2a1-1a04b318d3b8}</UniqueIdentifier>
    </Filter>
    <Filter Include="classes\global\utility">
      <UniqueIdentifier>{920c2b8c-2ad7-48a9-a5dd-40d9e4265dff}</UniqueIdentifier>
    </Filter>
    <Filter Include="classes\global\utility\interface">
      <UniqueIdentifier>{146dd1cb-8b93-4c2a-b982-33099fd15f7e}</UniqueIdentifier>
    </Filter>
    <Filter Include="classes\global\utility\interface\windowMessageHandler">
      <UniqueIdentifier>{f762d8a9-5198-4a75-977b-73e765d6a789}</UniqueIdentifier>
    </Filter>
    <Filter Include="classes\global\utility\interface\updateable">
      <UniqueIdentifier>{ebc7cf22-662f-4d37-9e32-47b9c3daebbb}</UniqueIdentifier>
    </Filter>
    <Filter Include="classes\global\utility\interface\renderable">
      <UniqueIdentifier>{63be05f2-9bea-4358-aa8d-e66ba2479bf5}</UniqueIdentifier>
    </Filter>
    <Filter Include="classes\global\utility\manager">
      <UniqueIdentifier>{25a43348-dc4b-4771-8789-9a73ab5f7399}</UniqueIdentifier>
    </Filter>
    <Filter Include="classes\global\utility\object">
      <UniqueIdentifier>{e54f91c4-5368-4d36-b395-be408554d5e0}</UniqueIdentifier>
    </Filter>
    <Filter Include="classes\global\utility\object\_base">
      <UniqueIdentifier>{65094673-b3d6-49a6-9628-a135c948c9e4}</UniqueIdentifier>
    </Filter>
    <Filter Include="classes\global\utility\object\camera">
      <UniqueIdentifier>{cc54d8c0-bc9b-4cde-9929-8070e75fb398}</UniqueIdentifier>
    </Filter>
    <Filter Include="classes\global\utility\object\camera\_base">
      <UniqueIdentifier>{c1fe18f2-c92e-4f7e-adbf-3d3d173fb1fc}</UniqueIdentifier>
    </Filter>
    <Filter Include="classes\global\utility\object\camera\controlable">
      <UniqueIdentifier>{23136035-e0e4-4ba6-b187-2c73713fee05}</UniqueIdentifier>
    </Filter>
    <Filter Include="classes\global\utility\object\renderObject">
      <UniqueIdentifier>{b7ec8121-1b3b-43f3-8cff-182d257869c9}</UniqueIdentifier>
    </Filter>
    <Filter Include="classes\global\utility\object\renderObject\_base">
      <UniqueIdentifier>{9a569ac4-8b69-4bcd-8eef-299cfc3f5e3d}</UniqueIdentifier>
    </Filter>
    <Filter Include="classes\global\utility\object\renderObject\defaulteCube">
      <UniqueIdentifier>{3cf1eab9-ef9c-4fc1-a881-8adfff9c1777}</UniqueIdentifier>
    </Filter>
    <Filter Include="classes\global\utility\object\renderObject\mesh">
      <UniqueIdentifier>{8943f845-6357-4734-bd3e-7b89b2a4af96}</UniqueIdentifier>
    </Filter>
    <Filter Include="classes\global\utility\object\renderObject\mesh\skinnedMesh">
      <UniqueIdentifier>{2a7cab7a-0e81-42cc-aa13-69a37cafe4bf}</UniqueIdentifier>
    </Filter>
    <Filter Include="classes\global\utility\object\renderObject\mesh\staticMesh">
      <UniqueIdentifier>{f967d52d-ec32-4984-986f-ed5ff4e7bc3b}</UniqueIdentifier>
    </Filter>
    <Filter Include="classes\global\utility\object\light">
      <UniqueIdentifier>{a6f4f35c-5956-4ab6-96e1-b0aeb8e7f42f}</UniqueIdentifier>
    </Filter>
    <Filter Include="classes\global\utility\object\light\_base">
      <UniqueIdentifier>{817b894b-8427-4a40-8eab-87474e5822c1}</UniqueIdentifier>
    </Filter>
    <Filter Include="classes\global\utility\object\UI">
      <UniqueIdentifier>{b58d0158-5f37-4570-a2f1-e009c1df003f}</UniqueIdentifier>
    </Filter>
    <Filter Include="classes\global\utility\object\UI\_base">
      <UniqueIdentifier>{50bf94f7-5438-4a9a-adfa-dcc9e6a21de9}</UniqueIdentifier>
    </Filter>
    <Filter Include="classes\global\utility\object\UI\label">
      <UniqueIdentifier>{50733b6b-1c52-4d4e-b79b-eb230ec241b0}</UniqueIdentifier>
    </Filter>
    <Filter Include="classes\global\utility\object\UI\label\_base">
      <UniqueIdentifier>{fdfef0d7-dec7-4c26-bd84-a661499b17a9}</UniqueIdentifier>
    </Filter>
    <Filter Include="classes\global\utility\object\UI\sprite">
      <UniqueIdentifier>{fce29a7c-86b4-4417-8877-3a5b53308672}</UniqueIdentifier>
    </Filter>
    <Filter Include="classes\global\utility\object\UI\sprite\_base">
      <UniqueIdentifier>{1e442941-ceb2-4a2a-b684-50618c37fbf6}</UniqueIdentifier>
    </Filter>
    <Filter Include="classes\global\utility\application">
      <UniqueIdentifier>{aaa45c42-ba43-4d2a-b90f-10ebfb840758}</UniqueIdentifier>
    </Filter>
    <Filter Include="classes\global\utility\application\windowApplication">
      <UniqueIdentifier>{96c4a580-42da-462a-b7f2-fcc1b2427dfa}</UniqueIdentifier>
    </Filter>
    <Filter Include="classes\global\utility\application\direct3dApplication">
      <UniqueIdentifier>{322028d2-795e-4bcb-9a16-0d8373156d41}</UniqueIdentifier>
    </Filter>
    <Filter Include="classes\global\utility\debug">
      <UniqueIdentifier>{254f444e-f902-44c6-a0e7-a996a260fb44}</UniqueIdentifier>
    </Filter>
    <Filter Include="classes\global\utility\debug\grid">
      <UniqueIdentifier>{d7eb0c14-604b-4b4e-bde8-e569adc59943}</UniqueIdentifier>
    </Filter>
    <Filter Include="classes\global\utility\debug\gizmo">
      <UniqueIdentifier>{1c2a5fc5-6235-4859-b849-d6991ce33dba}</UniqueIdentifier>
    </Filter>
    <Filter Include="classes\global\utility\animation">
      <UniqueIdentifier>{91a124ae-4303-424d-bbdf-41e599aa3b3a}</UniqueIdentifier>
    </Filter>
    <Filter Include="classes\global\utility\animation\allocateHierarchy">
      <UniqueIdentifier>{7d36d6a7-c56c-465c-84b4-38ae24247fb1}</UniqueIdentifier>
    </Filter>
    <Filter Include="classes\global\utility\particle">
      <UniqueIdentifier>{3f811457-2206-4c14-ba3a-3b91c33e02ca}</UniqueIdentifier>
    </Filter>
    <Filter Include="classes\global\utility\particle\system">
      <UniqueIdentifier>{eeac9c5b-4cf9-4371-b1a2-ce0e2e5b2193}</UniqueIdentifier>
    </Filter>
    <Filter Include="classes\global\utility\particle\emitter">
      <UniqueIdentifier>{d8811f57-9f5f-40b0-b98a-f477405d7fe7}</UniqueIdentifier>
    </Filter>
    <Filter Include="classes\global\function">
      <UniqueIdentifier>{c5f5c382-b720-46e6-8e97-1491b154f35f}</UniqueIdentifier>
    </Filter>
    <Filter Include="classes\global\function\gFunc">
      <UniqueIdentifier>{ebc08e9b-6a9f-4c92-af0c-d0d3605c9ec7}</UniqueIdentifier>
    </Filter>
    <Filter Include="classes\global\function\pickRay">
      <UniqueIdentifier>{9733b38e-4c85-433b-95b2-5108ca373e44}</UniqueIdentifier>
    </Filter>
    <Filter Include="main\winMain">
      <UniqueIdentifier>{19928304-3f92-453c-a3d3-421a2bc73842}</UniqueIdentifier>
    </Filter>
    <Filter Include="classes\global\utility\particle\creater">
      <UniqueIdentifier>{40cbfdfd-93ab-476f-b6f4-e62e8c6432f5}</UniqueIdentifier>
    </Filter>
    <Filter Include="classes\global\utility\object\renderObject\particle">
      <UniqueIdentifier>{4a29813f-62ca-435e-9fb7-3498ba0cc4db}</UniqueIdentifier>
    </Filter>
    <Filter Include="classes\global\utility\object\renderObject\particle\point">
      <UniqueIdentifier>{0a52e2b5-16bd-4224-a642-9c8e4fa109bb}</UniqueIdentifier>
    </Filter>
    <Filter Include="classes\global\utility\object\renderObject\particle\quad">
      <UniqueIdentifier>{639848ce-cb15-4057-badf-5791fa4a8544}</UniqueIdentifier>
    </Filter>
    <Filter Include="classes\global\utility\object\renderObject\terrian">
      <UniqueIdentifier>{0ad79c50-7cb6-49b9-b1e9-1e99cffbf086}</UniqueIdentifier>
    </Filter>
    <Filter Include="classes\global\utility\object\renderObject\field">
      <UniqueIdentifier>{96df477a-0f90-43c6-b0a9-239518ac082a}</UniqueIdentifier>
    </Filter>
    <Filter Include="classes\global\utility\manager\direct">
      <UniqueIdentifier>{8ab1ed18-0701-4c8f-8b5d-7503a11e5bf3}</UniqueIdentifier>
    </Filter>
    <Filter Include="classes\global\utility\manager\direct\input">
      <UniqueIdentifier>{61c473a9-9b44-4346-9b06-ec368efb7df3}</UniqueIdentifier>
    </Filter>
    <Filter Include="classes\global\utility\manager\direct\resource">
      <UniqueIdentifier>{a5740d01-8e23-4862-8087-9c20ada45979}</UniqueIdentifier>
    </Filter>
    <Filter Include="classes\global\utility\manager\direct\time">
      <UniqueIdentifier>{ae3b0c8c-0d25-4f0b-a0b4-84c8a4c5e110}</UniqueIdentifier>
    </Filter>
    <Filter Include="classes\global\utility\manager\direct\window">
      <UniqueIdentifier>{2fbe5327-b776-4fef-8e1b-e5bc83a68f1c}</UniqueIdentifier>
    </Filter>
    <Filter Include="classes\global\utility\manager\direct\device">
      <UniqueIdentifier>{cd084fbe-d1f8-453c-a75e-51cd2736c3dc}</UniqueIdentifier>
    </Filter>
    <Filter Include="classes\global\utility\manager\common">
      <UniqueIdentifier>{993314a7-7dd0-4e64-a618-1559317d7628}</UniqueIdentifier>
    </Filter>
    <Filter Include="classes\global\utility\manager\common\UI">
      <UniqueIdentifier>{87df888f-e93b-462e-a149-31fed18e35d1}</UniqueIdentifier>
    </Filter>
    <Filter Include="classes\global\utility\manager\common\scene">
      <UniqueIdentifier>{ff3dd602-3c19-4a65-bd48-8cbd78674bb7}</UniqueIdentifier>
    </Filter>
    <Filter Include="main\classes">
      <UniqueIdentifier>{01261faf-7df9-4645-a5d3-43144407ab33}</UniqueIdentifier>
    </Filter>
    <Filter Include="main\classes\scene">
      <UniqueIdentifier>{cf76f83d-e5ee-4286-b653-3556964ad8dc}</UniqueIdentifier>
    </Filter>
    <Filter Include="main\classes\scene\_base">
      <UniqueIdentifier>{74e21291-8860-45a8-89d3-29971bcd9b2c}</UniqueIdentifier>
    </Filter>
    <Filter Include="main\classes\scene\00_mainGame">
      <UniqueIdentifier>{c43cd0b5-04f1-4d9a-b77d-42fdbeb16689}</UniqueIdentifier>
    </Filter>
    <Filter Include="main\classes\scene\01_mapTool">
      <UniqueIdentifier>{eb7ca8f6-bca7-442c-8b7e-d7396b2897ec}</UniqueIdentifier>
    </Filter>
    <Filter Include="main\classes\scene\test">
      <UniqueIdentifier>{7ece4345-ee0b-4205-a5c6-495797f5ce21}</UniqueIdentifier>
    </Filter>
    <Filter Include="classes\global\utility\container">
      <UniqueIdentifier>{6fc28cca-6090-471b-8d1f-117bcdc77ae0}</UniqueIdentifier>
    </Filter>
    <Filter Include="classes\global\utility\container\doubleLinkedList">
      <UniqueIdentifier>{baccb975-5d26-4675-a51f-bbaf1c33de97}</UniqueIdentifier>
    </Filter>
    <Filter Include="main\classes\windowUI">
      <UniqueIdentifier>{f25151d7-f5f5-49db-9e78-e8a1e13a0a59}</UniqueIdentifier>
    </Filter>
    <Filter Include="main\classes\windowUI\window">
      <UniqueIdentifier>{58c38f62-ec64-41b2-b093-8addb3a39b92}</UniqueIdentifier>
    </Filter>
    <Filter Include="main\classes\windowUI\window\_base">
      <UniqueIdentifier>{4c9a82ef-98e3-4923-9661-a15722982afa}</UniqueIdentifier>
    </Filter>
    <Filter Include="main\classes\windowUI\button">
      <UniqueIdentifier>{2e2c05d1-17d1-4252-9ae6-07e69a870345}</UniqueIdentifier>
    </Filter>
    <Filter Include="main\classes\windowUI\button\_base">
      <UniqueIdentifier>{859eda49-e75d-4a7c-8e42-913c5d3dd4ff}</UniqueIdentifier>
    </Filter>
    <Filter Include="classes\global\function\gManager">
      <UniqueIdentifier>{a69e9599-8fcd-48bd-ac01-8c1c32cc20ff}</UniqueIdentifier>
    </Filter>
    <Filter Include="classes\global\utility\debug\draw">
      <UniqueIdentifier>{6ab0d472-64b7-4a56-9846-914f8e3171e9}</UniqueIdentifier>
    </Filter>
    <Filter Include="classes\global\function\gJson">
      <UniqueIdentifier>{acb8e828-516c-41f4-a82b-f020578d16ed}</UniqueIdentifier>
    </Filter>
    <Filter Include="main\classes\scene\01_mapTool\classes">
      <UniqueIdentifier>{ca3fa397-243e-417c-8267-0710bfdd3047}</UniqueIdentifier>
    </Filter>
    <Filter Include="main\classes\scene\01_mapTool\classes\data">
      <UniqueIdentifier>{6d509b8a-554c-4156-b909-5cbc50ae9eb5}</UniqueIdentifier>
    </Filter>
    <Filter Include="main\classes\scene\01_mapTool\cursur">
      <UniqueIdentifier>{c7832db3-f302-4c78-b3e9-6f0b873c43cf}</UniqueIdentifier>
    </Filter>
    <Filter Include="main\classes\scene\01_mapTool\cursur\_base">
      <UniqueIdentifier>{7a640c40-5cd3-4302-b823-edad6b2955b9}</UniqueIdentifier>
    </Filter>
    <Filter Include="main\classes\windowUI\window\surface">
      <UniqueIdentifier>{46c30c82-ad30-4958-8c9a-caf6b7d0f6ab}</UniqueIdentifier>
    </Filter>
    <Filter Include="main\classes\windowUI\window\static">
      <UniqueIdentifier>{a35d8eb1-a1f8-4728-934d-0804db6c1a44}</UniqueIdentifier>
    </Filter>
    <Filter Include="main\classes\windowUI\button\static">
      <UniqueIdentifier>{560e92b3-ad27-4d4b-bf48-25de46bcedd8}</UniqueIdentifier>
    </Filter>
    <Filter Include="main\classes\windowUI\button\static\_base">
      <UniqueIdentifier>{d709a79a-bd22-43e2-a028-e87c7a8ee64f}</UniqueIdentifier>
    </Filter>
    <Filter Include="main\classes\windowUI\window\static\_base">
      <UniqueIdentifier>{a700715c-5fa2-4777-841b-63befac2a1ad}</UniqueIdentifier>
    </Filter>
    <Filter Include="main\classes\windowUI\button\static\moveBar">
      <UniqueIdentifier>{380fc642-5ac1-45ad-8770-3c91fef9bed6}</UniqueIdentifier>
    </Filter>
    <Filter Include="main\classes\windowUI\button\static\scrollVertical">
      <UniqueIdentifier>{6886d8d9-8670-4412-b0fd-2a085574834a}</UniqueIdentifier>
    </Filter>
    <Filter Include="main\classes\scene\01_mapTool\classes\data\catalog">
      <UniqueIdentifier>{cc4b4eac-5403-48d7-80cd-269b8eff6cc5}</UniqueIdentifier>
    </Filter>
    <Filter Include="main\classes\scene\01_mapTool\classes\data\io">
      <UniqueIdentifier>{8bf6d9a6-a8f1-4ed7-bd03-e8eeab36d635}</UniqueIdentifier>
    </Filter>
    <Filter Include="main\classes\windowUI\button\import">
      <UniqueIdentifier>{426fc39a-af26-42c4-9c22-9d85686f48bc}</UniqueIdentifier>
    </Filter>
    <Filter Include="classes\global\utility\manager\common\event">
      <UniqueIdentifier>{8b6567ca-5feb-4dc2-aa4e-dd00039edc72}</UniqueIdentifier>
    </Filter>
    <Filter Include="main\classes\event">
      <UniqueIdentifier>{3108521f-371e-4ab2-ad3c-6528566597d4}</UniqueIdentifier>
    </Filter>
    <Filter Include="main\classes\event\_base">
      <UniqueIdentifier>{82951071-03b5-4526-87a7-75f6d37b99c1}</UniqueIdentifier>
    </Filter>
    <Filter Include="main\classes\event\_catcher">
      <UniqueIdentifier>{9d07085b-d117-4cf0-8eb5-0faa0a492af2}</UniqueIdentifier>
    </Filter>
    <Filter Include="main\classes\quadTree">
      <UniqueIdentifier>{3a30be45-84fc-4642-b953-b9255fbbc884}</UniqueIdentifier>
    </Filter>
    <Filter Include="main\classes\quadTree\_base">
      <UniqueIdentifier>{c7f97d06-2758-4c93-b311-5a637aaf0c20}</UniqueIdentifier>
    </Filter>
    <Filter Include="main\classes\frustum">
      <UniqueIdentifier>{9f4dabf9-f3cd-4650-a444-c9895bc4dbe2}</UniqueIdentifier>
    </Filter>
    <Filter Include="main\classes\frustum\_base">
      <UniqueIdentifier>{3ce4eb19-61aa-4267-bd52-bd7c26aa3359}</UniqueIdentifier>
    </Filter>
    <Filter Include="main\classes\singleton">
      <UniqueIdentifier>{34078ffe-a9b6-4aea-a32a-d4c291e12047}</UniqueIdentifier>
    </Filter>
    <Filter Include="main\classes\scene\01_mapTool\collection">
      <UniqueIdentifier>{41b9784b-cc3c-461e-b88b-47f3a7aa18dc}</UniqueIdentifier>
    </Filter>
    <Filter Include="main\classes\scene\01_mapTool\collection\window">
      <UniqueIdentifier>{6886afa7-5c88-429b-b31a-f6e0003b4c84}</UniqueIdentifier>
    </Filter>
    <Filter Include="main\classes\scene\01_mapTool\collection\field">
      <UniqueIdentifier>{638ff899-7835-40f1-9d1b-44c33a4f797d}</UniqueIdentifier>
    </Filter>
    <Filter Include="main\classes\collision">
      <UniqueIdentifier>{8c36422e-c672-4f71-976e-79397415a0fe}</UniqueIdentifier>
    </Filter>
    <Filter Include="main\classes\collision\test">
      <UniqueIdentifier>{12735cd2-8bf4-4c46-9671-cebcf81fe06c}</UniqueIdentifier>
    </Filter>
    <Filter Include="main\classes\quadTree\frustum">
      <UniqueIdentifier>{ad9e4436-1560-46d1-818d-06486524e227}</UniqueIdentifier>
    </Filter>
    <Filter Include="main\classes\scene\01_mapTool\collection\render">
      <UniqueIdentifier>{fcae32aa-9259-48a1-8f32-e50fd7262c7d}</UniqueIdentifier>
    </Filter>
    <Filter Include="main\classes\scene\01_mapTool\collection\io">
      <UniqueIdentifier>{5c8da9d2-9b20-4281-b7af-f07b4ec69f67}</UniqueIdentifier>
    </Filter>
    <Filter Include="main\classes\windowUI\window\static\selection">
      <UniqueIdentifier>{e7a63efa-da03-4674-bdab-ffd95a516d7e}</UniqueIdentifier>
    </Filter>
    <Filter Include="main\classes\windowUI\button\static\item">
      <UniqueIdentifier>{fc01b6dc-dea4-4f63-84b7-6ff2236b2a9e}</UniqueIdentifier>
    </Filter>
    <Filter Include="main\classes\windowUI\button\static\item\_base">
      <UniqueIdentifier>{8dc7f32d-279c-407e-8c24-add79c8d5da9}</UniqueIdentifier>
    </Filter>
    <Filter Include="main\classes\windowUI\button\static\item\text">
      <UniqueIdentifier>{ebe458e6-9460-4e75-bdd0-57d0f0e43f36}</UniqueIdentifier>
    </Filter>
    <Filter Include="classes\global\utility\manager\common\text">
      <UniqueIdentifier>{5ce1f3e8-f37d-4f2d-8481-227468520626}</UniqueIdentifier>
    </Filter>
    <Filter Include="main\classes\map">
      <UniqueIdentifier>{5e72afaa-1ba4-4570-8bc7-d0f423ab194d}</UniqueIdentifier>
    </Filter>
    <Filter Include="classes\global\utility\object\renderObject\mesh\skinnedMesh\_base">
      <UniqueIdentifier>{c235be00-d2f4-491e-9092-dcdd6a30852f}</UniqueIdentifier>
    </Filter>
    <Filter Include="classes\global\utility\object\renderObject\mesh\skinnedMesh\duplicate">
      <UniqueIdentifier>{c1c6bb85-aabe-444f-a49d-65011eed130a}</UniqueIdentifier>
    </Filter>
    <Filter Include="Resource">
      <UniqueIdentifier>{4e1eebd6-a195-4558-828b-5b18f41c4fe4}</UniqueIdentifier>
    </Filter>
    <Filter Include="Resource\mesh">
      <UniqueIdentifier>{e7bff43c-5d32-4acc-95b4-2284474cf61c}</UniqueIdentifier>
    </Filter>
    <Filter Include="Resource\mesh\WitchApprentice">
      <UniqueIdentifier>{30259cb4-4306-45c3-85e7-9486a930caa3}</UniqueIdentifier>
    </Filter>
    <Filter Include="Resource\mesh\L4D1">
      <UniqueIdentifier>{8c67c35a-7d6e-4c88-bbaa-7c8b6066207e}</UniqueIdentifier>
    </Filter>
    <Filter Include="Resource\mesh\L4D1\male">
      <UniqueIdentifier>{c22bf61d-6760-4c05-b39f-da63efa55b97}</UniqueIdentifier>
    </Filter>
    <Filter Include="Resource\mesh\L4D1\Biker">
      <UniqueIdentifier>{3a541fdb-3a06-46e3-b0df-6417fe88989f}</UniqueIdentifier>
    </Filter>
    <Filter Include="Resource\mesh\L4D1\bill">
      <UniqueIdentifier>{b008bf43-5645-44f8-b431-c77c163c07cc}</UniqueIdentifier>
    </Filter>
    <Filter Include="Resource\mesh\L4D1\c130">
      <UniqueIdentifier>{5060cede-5ea0-47fe-8d8f-1b6ed5e9c130}</UniqueIdentifier>
    </Filter>
    <Filter Include="Resource\mesh\L4D1\female">
      <UniqueIdentifier>{6a4ad2d7-a220-46da-bb4e-0bb5483eac25}</UniqueIdentifier>
    </Filter>
    <Filter Include="Resource\mesh\L4D1\hulk">
      <UniqueIdentifier>{4d7ef917-c2b3-458d-8872-dd9353f8e6a1}</UniqueIdentifier>
    </Filter>
    <Filter Include="Resource\mesh\L4D1\Manager">
      <UniqueIdentifier>{948c70dc-4185-4251-86f3-6d8b3db59fd9}</UniqueIdentifier>
    </Filter>
    <Filter Include="Resource\mesh\L4D1\Namvet">
      <UniqueIdentifier>{01bef1af-87a7-4288-bc53-7d36c4efe2a6}</UniqueIdentifier>
    </Filter>
    <Filter Include="Resource\mesh\L4D1\smoker">
      <UniqueIdentifier>{058f7b94-e0ee-4297-9000-94f9862f833f}</UniqueIdentifier>
    </Filter>
    <Filter Include="Resource\mesh\L4D1\Teenangst">
      <UniqueIdentifier>{8c5bf707-138b-4c43-aea4-a0b6d7ac3b99}</UniqueIdentifier>
    </Filter>
    <Filter Include="classes\global\utility\manager\common\pattern">
      <UniqueIdentifier>{caa1e04b-939a-44ac-8816-035b5895479a}</UniqueIdentifier>
    </Filter>
    <Filter Include="classes\global\utility\animation\controller">
      <UniqueIdentifier>{03367589-0b0a-4a16-8498-c7bb3cb6760d}</UniqueIdentifier>
    </Filter>
    <Filter Include="classes\global\utility\animation\controllerDigit">
      <UniqueIdentifier>{973b955d-0078-469c-80a5-5bf1fc9e5bd4}</UniqueIdentifier>
    </Filter>
    <Filter Include="classes\global\utility\object\renderObject\mesh\skinnedMesh\patternMesh">
      <UniqueIdentifier>{0af8644b-7564-4c02-a5fb-100f87c2b242}</UniqueIdentifier>
    </Filter>
    <Filter Include="main\classes\pathfind">
      <UniqueIdentifier>{7de4d7c2-7a42-441a-a86b-0cb40fa053a5}</UniqueIdentifier>
    </Filter>
    <Filter Include="main\classes\pathfind\_base">
      <UniqueIdentifier>{6cc07eea-2610-4bf7-a9eb-4f684311a539}</UniqueIdentifier>
    </Filter>
    <Filter Include="main\classes\pathfind\_base\grape">
      <UniqueIdentifier>{e671f821-cf2b-4cec-8f8b-4b27b296906b}</UniqueIdentifier>
    </Filter>
    <Filter Include="main\classes\pathfind\_base\node">
      <UniqueIdentifier>{183cd1c7-ab05-4160-b48c-d1ff58abdd57}</UniqueIdentifier>
    </Filter>
    <Filter Include="main\classes\pathfind\aStar">
      <UniqueIdentifier>{800b39b3-2555-4336-b359-ad99f067a418}</UniqueIdentifier>
    </Filter>
    <Filter Include="main\classes\pathfind\aStar\grape">
      <UniqueIdentifier>{bb3cc321-11be-47d7-b551-35128d01f4ff}</UniqueIdentifier>
    </Filter>
    <Filter Include="main\classes\pathfind\aStar\node">
      <UniqueIdentifier>{ea02334a-6e41-434f-90fa-22c26e6d2256}</UniqueIdentifier>
    </Filter>
    <Filter Include="main\classes\pathfind\aStar\runner">
      <UniqueIdentifier>{ae0d2682-5cd5-43cd-9458-e82bf3232219}</UniqueIdentifier>
    </Filter>
    <Filter Include="main\classes\pathfind\aStar\path">
      <UniqueIdentifier>{88d74917-de3f-4ecd-a7af-cfe61a4edf48}</UniqueIdentifier>
    </Filter>
    <Filter Include="classes\global\utility\container\heap">
      <UniqueIdentifier>{99aa2b33-a06e-4a00-aa2a-63b30da59a62}</UniqueIdentifier>
    </Filter>
    <Filter Include="main\classes\scene\01_mapTool\classes\brush">
      <UniqueIdentifier>{1d5b7683-a316-40c3-b98e-c5923bfdd043}</UniqueIdentifier>
    </Filter>
    <Filter Include="main\classes\scene\01_mapTool\classes\brush\_base">
      <UniqueIdentifier>{c1ef2588-dcd3-49f4-9e23-f9f58b44c847}</UniqueIdentifier>
    </Filter>
    <Filter Include="main\classes\scene\01_mapTool\classes\brush\prop">
      <UniqueIdentifier>{700e4568-e3bf-493a-9754-5faf5189e19e}</UniqueIdentifier>
    </Filter>
    <Filter Include="main\classes\scene\01_mapTool\classes\brush\trigger">
      <UniqueIdentifier>{2a08e740-7a59-4b22-8cb6-fd73a6a31158}</UniqueIdentifier>
    </Filter>
    <Filter Include="Resource\mesh\L4D1\items">
      <UniqueIdentifier>{e9c2cbf5-ce30-47be-9c1d-6064ce4d43a6}</UniqueIdentifier>
    </Filter>
    <Filter Include="main\classes\pathfind\aStar\grape\_base">
      <UniqueIdentifier>{6f09de3e-470d-48ae-89be-efbe00c480f4}</UniqueIdentifier>
    </Filter>
    <Filter Include="main\classes\pathfind\aStar\grape\bind">
      <UniqueIdentifier>{cd1a0a64-d043-4b1a-b3aa-5728c072799d}</UniqueIdentifier>
    </Filter>
    <Filter Include="main\classes\scene\02_inGame">
      <UniqueIdentifier>{5bcca851-c069-4e50-a3aa-a38ab54b685b}</UniqueIdentifier>
    </Filter>
    <Filter Include="main\classes\scene\02_inGame\classes">
      <UniqueIdentifier>{90a1f592-1e85-4983-aaee-ebd7a3f443eb}</UniqueIdentifier>
    </Filter>
    <Filter Include="main\classes\scene\02_inGame\classes\data">
      <UniqueIdentifier>{dbaff716-08c0-4209-ac21-d84db4a87f2d}</UniqueIdentifier>
    </Filter>
    <Filter Include="main\classes\scene\02_inGame\classes\object">
      <UniqueIdentifier>{111f71bb-4985-46e9-9180-43adc40b4523}</UniqueIdentifier>
    </Filter>
    <Filter Include="main\classes\scene\02_inGame\classes\object\weapon">
      <UniqueIdentifier>{2768a284-6278-46b9-b4bc-aa72eae55a9d}</UniqueIdentifier>
    </Filter>
    <Filter Include="main\classes\scene\02_inGame\classes\object\weapon\_base">
      <UniqueIdentifier>{3ad410a1-ded0-4f51-a781-b3cb966d605d}</UniqueIdentifier>
    </Filter>
    <Filter Include="main\classes\scene\02_inGame\classes\object\character">
      <UniqueIdentifier>{5072b7b2-a780-4709-809d-6009bd0e795b}</UniqueIdentifier>
    </Filter>
    <Filter Include="classes\global\function\gDigit">
      <UniqueIdentifier>{776d5603-d0b9-4777-8245-78ee3bd2e9e0}</UniqueIdentifier>
    </Filter>
    <Filter Include="main\classes\scene\02_inGame\classes\object\character\_base">
      <UniqueIdentifier>{c2d7a0d3-4ba7-45f3-957b-207be844ca39}</UniqueIdentifier>
    </Filter>
    <Filter Include="main\classes\scene\02_inGame\classes\object\character\enemy">
      <UniqueIdentifier>{e98f11f9-6c4e-4626-b1d0-0e2a653ba6e9}</UniqueIdentifier>
    </Filter>
    <Filter Include="main\classes\scene\02_inGame\classes\object\AI">
      <UniqueIdentifier>{bd3119ef-a233-4a32-984c-314d7db86d44}</UniqueIdentifier>
    </Filter>
    <Filter Include="main\classes\scene\02_inGame\classes\object\AI\_base">
      <UniqueIdentifier>{d294b784-84d3-45f7-8c71-8996306c2742}</UniqueIdentifier>
    </Filter>
    <Filter Include="main\classes\scene\02_inGame\classes\object\AI\enemy">
      <UniqueIdentifier>{8a84f33f-227b-4792-b5b3-d88d4897020b}</UniqueIdentifier>
    </Filter>
    <Filter Include="main\classes\scene\02_inGame\classes\object\AI\player">
      <UniqueIdentifier>{e564546c-52cf-4388-a2e2-51cb3a1a7aef}</UniqueIdentifier>
    </Filter>
    <Filter Include="main\classes\scene\02_inGame\classes\object\AI\enemy\_base">
      <UniqueIdentifier>{eeca79e8-b1c2-4d92-ad78-5303974f1c06}</UniqueIdentifier>
    </Filter>
    <Filter Include="main\classes\scene\02_inGame\classes\object\AI\enemy\smoker">
      <UniqueIdentifier>{14826bcd-50c9-44ac-a528-7aef8d269ca7}</UniqueIdentifier>
    </Filter>
    <Filter Include="main\classes\scene\02_inGame\classes\object\AI\enemy\tank">
      <UniqueIdentifier>{119810ab-a967-4322-b268-895814561350}</UniqueIdentifier>
    </Filter>
    <Filter Include="main\classes\scene\02_inGame\classes\singleton">
      <UniqueIdentifier>{83bd8694-4de2-4767-8cc0-812537a3a22c}</UniqueIdentifier>
    </Filter>
    <Filter Include="classes\global\utility\debug\area">
      <UniqueIdentifier>{d9bd4c5b-7865-4897-a98a-99cdc8c33366}</UniqueIdentifier>
    </Filter>
    <Filter Include="main\classes\scene\02_inGame\classes\object\AI\survivor">
      <UniqueIdentifier>{c5eff594-4245-459a-884b-a46563068850}</UniqueIdentifier>
    </Filter>
    <Filter Include="main\classes\scene\02_inGame\classes\object\character\survivor">
      <UniqueIdentifier>{fc857a7b-ce72-4367-881b-9b6b23559210}</UniqueIdentifier>
    </Filter>
    <Filter Include="main\classes\scene\02_inGame\classes\object\character\survivor\player">
      <UniqueIdentifier>{b06746c5-4a2c-46e8-9803-c6144cbff008}</UniqueIdentifier>
    </Filter>
    <Filter Include="main\classes\scene\02_inGame\classes\object\character\survivor\_base">
      <UniqueIdentifier>{6caa8899-17ad-4c89-9948-a851182e77d5}</UniqueIdentifier>
    </Filter>
    <Filter Include="main\classes\scene\02_inGame\classes\data\node">
      <UniqueIdentifier>{3182e40e-cd96-4369-81ba-57f3cd7b7a3e}</UniqueIdentifier>
    </Filter>
    <Filter Include="main\classes\scene\02_inGame\classes\data\field">
      <UniqueIdentifier>{8f3571b6-d94b-44fd-ab42-8dec61f9241a}</UniqueIdentifier>
    </Filter>
    <Filter Include="main\classes\scene\02_inGame\classes\data\io">
      <UniqueIdentifier>{43b9a9af-2cb6-4955-943a-1c0ba97bc1da}</UniqueIdentifier>
    </Filter>
    <Filter Include="main\classes\scene\02_inGame\classes\object\trigger">
      <UniqueIdentifier>{5d1440fb-debf-4ecd-bb99-835949c24eba}</UniqueIdentifier>
    </Filter>
    <Filter Include="main\classes\scene\02_inGame\classes\object\trigger\_base">
      <UniqueIdentifier>{89af1362-29d7-4602-8abf-34174f4c1c23}</UniqueIdentifier>
    </Filter>
    <Filter Include="classes\global\utility\object\renderObject\skyBox">
      <UniqueIdentifier>{9287f810-f505-4649-86bc-e7b7f66dd029}</UniqueIdentifier>
    </Filter>
    <Filter Include="main\classes\scene\02_inGame\classes\object\weapon\test">
      <UniqueIdentifier>{18542d1e-c790-494b-b178-18e11dbb5c66}</UniqueIdentifier>
    </Filter>
    <Filter Include="classes\global\utility\manager\common\weapon">
      <UniqueIdentifier>{82bd1cf4-e68a-43a9-9c95-ee6e4697895e}</UniqueIdentifier>
    </Filter>
    <Filter Include="classes\global\utility\manager\common\bullet">
      <UniqueIdentifier>{d70a696b-a6f7-4667-b96f-8cf628cf9f52}</UniqueIdentifier>
    </Filter>
    <Filter Include="main\classes\scene\02_inGame\classes\object\camera">
      <UniqueIdentifier>{7b323458-0760-4fb3-b90d-59aa2a8a007d}</UniqueIdentifier>
    </Filter>
    <Filter Include="classes\global\utility\object\renderObject\mesh\staticMesh\_base">
      <UniqueIdentifier>{ea79d61f-0fd2-477a-bd0d-6ded5db2c62d}</UniqueIdentifier>
    </Filter>
    <Filter Include="classes\global\utility\object\renderObject\mesh\staticMesh\nodeMesh">
      <UniqueIdentifier>{8fc2f507-4855-4fd6-a23c-73003c19cfa0}</UniqueIdentifier>
    </Filter>
    <Filter Include="main\classes\scene\02_inGame\classes\object\trigger\factory">
      <UniqueIdentifier>{ed48f0dc-7611-4964-b46d-b2b5906b88ea}</UniqueIdentifier>
    </Filter>
    <Filter Include="main\classes\event\00_eventAirPlane">
      <UniqueIdentifier>{ca8feb4f-960f-4768-9b04-3d3674d2bdf3}</UniqueIdentifier>
    </Filter>
    <Filter Include="main\classes\event\01_moveFar2building">
      <UniqueIdentifier>{4b96c66c-5ef4-4f1f-a0f6-78a5f8ae8a35}</UniqueIdentifier>
    </Filter>
    <Filter Include="main\classes\scene\01_mapTool\classes\brush\node">
      <UniqueIdentifier>{0800f082-9565-45ff-ae35-68d8b640cd1d}</UniqueIdentifier>
    </Filter>
    <Filter Include="classes\global\utility\object\renderObject\mesh\staticMesh\triggerMesh">
      <UniqueIdentifier>{054bc4be-386c-4663-b6d2-f386a1fd83e9}</UniqueIdentifier>
    </Filter>
    <Filter Include="classes\global\utility\object\renderObject\mesh\wallMesh">
      <UniqueIdentifier>{cc428ae8-7a0d-46ca-87bf-90edce3805ab}</UniqueIdentifier>
    </Filter>
    <Filter Include="main\classes\windowUI\window\static\_base\moveable">
      <UniqueIdentifier>{098fcecc-5415-4728-bc2f-75e9e039e1d2}</UniqueIdentifier>
    </Filter>
    <Filter Include="main\classes\windowUI\window\static\_base\moveable\_base">
      <UniqueIdentifier>{9a2f215e-5325-4c6b-bcba-c292303a584a}</UniqueIdentifier>
    </Filter>
    <Filter Include="main\classes\windowUI\window\static\_base\moveable\catalog">
      <UniqueIdentifier>{9bb931bc-0e47-4cf3-bf08-8ba8142d6380}</UniqueIdentifier>
    </Filter>
    <Filter Include="main\classes\windowUI\window\static\_base\moveable\catalog\_base">
      <UniqueIdentifier>{9236434e-a5c9-4ef2-aa39-90627684c447}</UniqueIdentifier>
    </Filter>
    <Filter Include="main\classes\windowUI\window\static\_base\moveable\catalog\maptool">
      <UniqueIdentifier>{feed4933-6d89-4362-a55e-d4d5b79b80d7}</UniqueIdentifier>
    </Filter>
    <Filter Include="main\classes\windowUI\window\static\_base\moveable\catalog\_selection">
      <UniqueIdentifier>{ceb15adb-67e3-4964-abb3-462185d01b58}</UniqueIdentifier>
    </Filter>
    <Filter Include="main\classes\windowUI\window\static\_base\moveable\list">
      <UniqueIdentifier>{5b154688-90ae-4bc2-aab8-6c16bccc5587}</UniqueIdentifier>
    </Filter>
    <Filter Include="main\classes\windowUI\window\static\_base\moveable\list\_base">
      <UniqueIdentifier>{6d8b67d0-ae01-4b06-bf4d-76188c9baf26}</UniqueIdentifier>
    </Filter>
    <Filter Include="main\classes\scene\02_inGame\classes\data\grape">
      <UniqueIdentifier>{7bf7e596-8e72-4d83-a428-5c36535d35a3}</UniqueIdentifier>
    </Filter>
    <Filter Include="main\classes\scene\02_inGame\classes\object\character\enemy\factory">
      <UniqueIdentifier>{a96dd5ed-96a2-46c0-86da-797e99de7c93}</UniqueIdentifier>
    </Filter>
    <Filter Include="main\classes\scene\02_inGame\classes\object\character\enemy\_base">
      <UniqueIdentifier>{9008f25c-3bbe-4e3a-99c8-ca80b30d39c5}</UniqueIdentifier>
    </Filter>
    <Filter Include="main\classes\event\02_shootWeapon">
      <UniqueIdentifier>{b31c53d1-2e7c-442f-ab53-599c6dd9a9d6}</UniqueIdentifier>
    </Filter>
    <Filter Include="main\classes\event\03_hitBullet">
      <UniqueIdentifier>{ee6078df-8843-4e90-b341-119b23a5e8c4}</UniqueIdentifier>
    </Filter>
    <Filter Include="classes\global\utility\manager\common\sound">
      <UniqueIdentifier>{fd665eeb-0f13-4f5f-88e4-4df911d67e8c}</UniqueIdentifier>
    </Filter>
    <Filter Include="main\classes\scene\02_inGame\classes\object\spawner">
      <UniqueIdentifier>{64ef8d3d-af9b-44a9-a74f-3ed15f894669}</UniqueIdentifier>
    </Filter>
    <Filter Include="main\classes\scene\01_mapTool\classes\brush\spawner">
      <UniqueIdentifier>{550dffb0-1052-4aa4-b501-7384ab423032}</UniqueIdentifier>
    </Filter>
    <Filter Include="main\classes\scene\02_inGame\classes\object\bullet">
      <UniqueIdentifier>{ca39e95e-3c2e-4620-bd47-c91e35fc581a}</UniqueIdentifier>
    </Filter>
    <Filter Include="main\classes\scene\02_inGame\classes\object\bullet\_base">
      <UniqueIdentifier>{0bd288cc-5cd8-47dd-9002-8784e5cfdbb4}</UniqueIdentifier>
    </Filter>
    <Filter Include="main\classes\scene\02_inGame\classes\object\bullet\object">
      <UniqueIdentifier>{d079666c-7f10-43a9-8ca4-33253fa8debf}</UniqueIdentifier>
    </Filter>
  </ItemGroup>
  <ItemGroup>
    <ClInclude Include="kGlobalDefine.h">
      <Filter>classes\global\define</Filter>
    </ClInclude>
    <ClInclude Include="windowManager.h">
      <Filter>classes\global\utility\manager\direct\window</Filter>
    </ClInclude>
    <ClInclude Include="direct3dApplication.h">
      <Filter>classes\global\utility\application\direct3dApplication</Filter>
    </ClInclude>
    <ClInclude Include="deviceManager.h">
      <Filter>classes\global\utility\manager\direct\device</Filter>
    </ClInclude>
    <ClInclude Include="iRenderable.h">
      <Filter>classes\global\utility\interface\renderable</Filter>
    </ClInclude>
    <ClInclude Include="iUpdateble.h">
      <Filter>classes\global\utility\interface\updateable</Filter>
    </ClInclude>
    <ClInclude Include="windowMessageHandler.h">
      <Filter>classes\global\utility\interface\windowMessageHandler</Filter>
    </ClInclude>
    <ClInclude Include="iWindowApplication.h">
      <Filter>classes\global\utility\application\windowApplication</Filter>
    </ClInclude>
    <ClInclude Include="timeManager.h">
      <Filter>classes\global\utility\manager\direct\time</Filter>
    </ClInclude>
    <ClInclude Include="managerList.h">
      <Filter>classes\global\utility\manager</Filter>
    </ClInclude>
    <ClInclude Include="inputManager.h">
      <Filter>classes\global\utility\manager\direct\input</Filter>
    </ClInclude>
    <ClInclude Include="baseObject.h">
      <Filter>classes\global\utility\object\_base</Filter>
    </ClInclude>
    <ClInclude Include="camera.h">
      <Filter>classes\global\utility\object\camera\_base</Filter>
    </ClInclude>
    <ClInclude Include="cameraControlable.h">
      <Filter>classes\global\utility\object\camera\controlable</Filter>
    </ClInclude>
    <ClInclude Include="gFunc.h">
      <Filter>classes\global\function\gFunc</Filter>
    </ClInclude>
    <ClInclude Include="resourceManager.h">
      <Filter>classes\global\utility\manager\direct\resource</Filter>
    </ClInclude>
    <ClInclude Include="debugGrid.h">
      <Filter>classes\global\utility\debug\grid</Filter>
    </ClInclude>
    <ClInclude Include="renderObject.h">
      <Filter>classes\global\utility\object\renderObject\_base</Filter>
    </ClInclude>
    <ClInclude Include="defaulteCube.h">
      <Filter>classes\global\utility\object\renderObject\defaulteCube</Filter>
    </ClInclude>
    <ClInclude Include="allocateHierarchy.h">
      <Filter>classes\global\utility\animation\allocateHierarchy</Filter>
    </ClInclude>
    <ClInclude Include="lightBase.h">
      <Filter>classes\global\utility\object\light\_base</Filter>
    </ClInclude>
    <ClInclude Include="labelBase.h">
      <Filter>classes\global\utility\object\UI\label\_base</Filter>
    </ClInclude>
    <ClInclude Include="spriteBase.h">
      <Filter>classes\global\utility\object\UI\sprite\_base</Filter>
    </ClInclude>
    <ClInclude Include="debugGizmo.h">
      <Filter>classes\global\utility\debug\gizmo</Filter>
    </ClInclude>
    <ClInclude Include="UIBase.h">
      <Filter>classes\global\utility\object\UI\_base</Filter>
    </ClInclude>
    <ClInclude Include="terrain.h">
      <Filter>classes\global\utility\object\renderObject\terrian</Filter>
    </ClInclude>
    <ClInclude Include="pickRay.h">
      <Filter>classes\global\function\pickRay</Filter>
    </ClInclude>
    <ClInclude Include="particleEmitter.h">
      <Filter>classes\global\utility\particle\emitter</Filter>
    </ClInclude>
    <ClInclude Include="particleSystem.h">
      <Filter>classes\global\utility\particle\system</Filter>
    </ClInclude>
    <ClInclude Include="particlePoint.h">
      <Filter>classes\global\utility\object\renderObject\particle\point</Filter>
    </ClInclude>
    <ClInclude Include="mainGame.h">
      <Filter>main\classes\scene\00_mainGame</Filter>
    </ClInclude>
    <ClInclude Include="sceneManager.h">
      <Filter>classes\global\utility\manager\common\scene</Filter>
    </ClInclude>
    <ClInclude Include="sceneBase.h">
      <Filter>main\classes\scene\_base</Filter>
    </ClInclude>
    <ClInclude Include="particleCreater.h">
      <Filter>classes\global\utility\particle\creater</Filter>
    </ClInclude>
    <ClInclude Include="particleQuad.h">
      <Filter>classes\global\utility\object\renderObject\particle\quad</Filter>
    </ClInclude>
    <ClInclude Include="sceneTest2.h">
      <Filter>main\classes\scene\test</Filter>
    </ClInclude>
    <ClInclude Include="sceneTest1.h">
      <Filter>main\classes\scene\test</Filter>
    </ClInclude>
    <ClInclude Include="field.h">
      <Filter>classes\global\utility\object\renderObject\field</Filter>
    </ClInclude>
    <ClInclude Include="sceneMapTool.h">
      <Filter>main\classes\scene\01_mapTool</Filter>
    </ClInclude>
    <ClInclude Include="uiManager.h">
      <Filter>classes\global\utility\manager\common\UI</Filter>
    </ClInclude>
    <ClInclude Include="dbList.h">
      <Filter>classes\global\utility\container\doubleLinkedList</Filter>
    </ClInclude>
    <ClInclude Include="dbList.hpp">
      <Filter>classes\global\utility\container\doubleLinkedList</Filter>
    </ClInclude>
    <ClInclude Include="windowBase.h">
      <Filter>main\classes\windowUI\window\_base</Filter>
    </ClInclude>
    <ClInclude Include="buttonBase.h">
      <Filter>main\classes\windowUI\button\_base</Filter>
    </ClInclude>
    <ClInclude Include="gMng.h">
      <Filter>classes\global\function\gManager</Filter>
    </ClInclude>
    <ClInclude Include="debugDraw.h">
      <Filter>classes\global\utility\debug\draw</Filter>
    </ClInclude>
    <ClInclude Include="gJson.h">
      <Filter>classes\global\function\gJson</Filter>
    </ClInclude>
    <ClInclude Include="maptool_window.h">
      <Filter>main\classes\scene\01_mapTool\collection\window</Filter>
    </ClInclude>
    <ClInclude Include="maptool_cursur.h">
      <Filter>main\classes\scene\01_mapTool\cursur\_base</Filter>
    </ClInclude>
    <ClInclude Include="windowRenderTarget.h">
      <Filter>main\classes\windowUI\window\surface</Filter>
    </ClInclude>
    <ClInclude Include="buttonStatic.h">
      <Filter>main\classes\windowUI\button\static\_base</Filter>
    </ClInclude>
    <ClInclude Include="windowStatic.h">
      <Filter>main\classes\windowUI\window\static\_base</Filter>
    </ClInclude>
    <ClInclude Include="buttonMoveBar.h">
      <Filter>main\classes\windowUI\button\static\moveBar</Filter>
    </ClInclude>
    <ClInclude Include="buttonScrollVertical.h">
      <Filter>main\classes\windowUI\button\static\scrollVertical</Filter>
    </ClInclude>
    <ClInclude Include="windowMoveable.h">
      <Filter>main\classes\windowUI\window\static\_base\moveable\_base</Filter>
    </ClInclude>
    <ClInclude Include="maptool_data_io.h">
      <Filter>main\classes\scene\01_mapTool\classes\data\io</Filter>
    </ClInclude>
    <ClInclude Include="windowMvCatalog.hpp">
      <Filter>main\classes\windowUI\window\static\_base\moveable\catalog\_base</Filter>
    </ClInclude>
    <ClInclude Include="windowMvCatalog.h">
      <Filter>main\classes\windowUI\window\static\_base\moveable\catalog\_base</Filter>
    </ClInclude>
    <ClInclude Include="maptool_data_catalog.h">
      <Filter>main\classes\scene\01_mapTool\classes\data\catalog</Filter>
    </ClInclude>
    <ClInclude Include="windowCtlogMaptool.h">
      <Filter>main\classes\windowUI\window\static\_base\moveable\catalog\maptool</Filter>
    </ClInclude>
    <ClInclude Include="IbuttonScroll.h">
      <Filter>main\classes\windowUI\button\import</Filter>
    </ClInclude>
    <ClInclude Include="eventDef.h">
      <Filter>main\classes\event\_base</Filter>
    </ClInclude>
    <ClInclude Include="eventBase.h">
      <Filter>main\classes\event\_base</Filter>
    </ClInclude>
    <ClInclude Include="eventCatcher.h">
      <Filter>main\classes\event\_catcher</Filter>
    </ClInclude>
    <ClInclude Include="eventManager.h">
      <Filter>classes\global\utility\manager\common\event</Filter>
    </ClInclude>
    <ClInclude Include="quadTree.h">
      <Filter>main\classes\quadTree\_base</Filter>
    </ClInclude>
    <ClInclude Include="frustum.h">
      <Filter>main\classes\frustum\_base</Filter>
    </ClInclude>
    <ClInclude Include="singletonBase.h">
      <Filter>main\classes\singleton</Filter>
    </ClInclude>
    <ClInclude Include="maptool_field.h">
      <Filter>main\classes\scene\01_mapTool\collection\field</Filter>
    </ClInclude>
    <ClInclude Include="boxObject.h">
      <Filter>main\classes\collision\test</Filter>
    </ClInclude>
    <ClInclude Include="sceneCollisionTest.h">
      <Filter>main\classes\collision\test</Filter>
    </ClInclude>
    <ClInclude Include="quadTree_Frustum.h">
      <Filter>main\classes\quadTree\frustum</Filter>
    </ClInclude>
    <ClInclude Include="maptool_render.h">
      <Filter>main\classes\scene\01_mapTool\collection\render</Filter>
    </ClInclude>
    <ClInclude Include="maptool_io.h">
      <Filter>main\classes\scene\01_mapTool\collection\io</Filter>
    </ClInclude>
    <ClInclude Include="windowMvList.h">
      <Filter>main\classes\windowUI\window\static\_base\moveable\list\_base</Filter>
    </ClInclude>
    <ClInclude Include="windowSelection.h">
      <Filter>main\classes\windowUI\window\static\selection</Filter>
    </ClInclude>
    <ClInclude Include="windowSelectionCatalog.h">
      <Filter>main\classes\windowUI\window\static\_base\moveable\catalog\_selection</Filter>
    </ClInclude>
    <ClInclude Include="windowSelectionCatalog.hpp">
      <Filter>main\classes\windowUI\window\static\_base\moveable\catalog\_selection</Filter>
    </ClInclude>
    <ClInclude Include="buttonItem.h">
      <Filter>main\classes\windowUI\button\static\item\_base</Filter>
    </ClInclude>
    <ClInclude Include="buttonItemText.h">
      <Filter>main\classes\windowUI\button\static\item\text</Filter>
    </ClInclude>
    <ClInclude Include="textManager.h">
      <Filter>classes\global\utility\manager\common\text</Filter>
    </ClInclude>
    <ClInclude Include="mapObject.h">
      <Filter>main\classes\map</Filter>
    </ClInclude>
    <ClInclude Include="mapObjectBase.h">
      <Filter>main\classes\map</Filter>
    </ClInclude>
    <ClInclude Include="skinnedMesh.h">
      <Filter>classes\global\utility\object\renderObject\mesh\skinnedMesh\_base</Filter>
    </ClInclude>
    <ClInclude Include="pathfind_grape.h">
      <Filter>main\classes\pathfind\_base\grape</Filter>
    </ClInclude>
    <ClInclude Include="pathfind_node.h">
      <Filter>main\classes\pathfind\_base\node</Filter>
    </ClInclude>
    <ClInclude Include="aStar_node.h">
      <Filter>main\classes\pathfind\aStar\node</Filter>
    </ClInclude>
    <ClInclude Include="aStar_runner.h">
      <Filter>main\classes\pathfind\aStar\runner</Filter>
    </ClInclude>
    <ClInclude Include="aStar_path.h">
      <Filter>main\classes\pathfind\aStar\path</Filter>
    </ClInclude>
    <ClInclude Include="heap.h">
      <Filter>classes\global\utility\container\heap</Filter>
    </ClInclude>
    <ClInclude Include="AnimationDef.h">
      <Filter>classes\global\utility\manager\common\pattern</Filter>
    </ClInclude>
    <ClInclude Include="PatternManager.h">
      <Filter>classes\global\utility\manager\common\pattern</Filter>
    </ClInclude>
    <ClInclude Include="AnimationTester.h">
      <Filter>main\classes\scene\test</Filter>
    </ClInclude>
    <ClInclude Include="animationController.h">
      <Filter>classes\global\utility\animation\controller</Filter>
    </ClInclude>
    <ClInclude Include="animationControllerDigit.h">
      <Filter>classes\global\utility\animation\controllerDigit</Filter>
    </ClInclude>
    <ClInclude Include="patternMesh.h">
      <Filter>classes\global\utility\object\renderObject\mesh\skinnedMesh\patternMesh</Filter>
    </ClInclude>
    <ClInclude Include="maptool_brush.h">
      <Filter>main\classes\scene\01_mapTool\classes\brush\_base</Filter>
    </ClInclude>
    <ClInclude Include="maptool_brush_trigger.h">
      <Filter>main\classes\scene\01_mapTool\classes\brush\trigger</Filter>
    </ClInclude>
    <ClInclude Include="maptool_brush_prop.h">
      <Filter>main\classes\scene\01_mapTool\classes\brush\prop</Filter>
    </ClInclude>
    <ClInclude Include="nodeMesh.h">
      <Filter>classes\global\utility\object\renderObject\mesh\staticMesh\nodeMesh</Filter>
    </ClInclude>
    <ClInclude Include="aStar_grape.h">
      <Filter>main\classes\pathfind\aStar\grape\_base</Filter>
    </ClInclude>
    <ClInclude Include="aStar_grape_bind.h">
      <Filter>main\classes\pathfind\aStar\grape\bind</Filter>
    </ClInclude>
    <ClInclude Include="aStar_grape_bind.hpp">
      <Filter>main\classes\pathfind\aStar\grape\bind</Filter>
    </ClInclude>
    <ClInclude Include="sceneInGame.h">
      <Filter>main\classes\scene\02_inGame</Filter>
    </ClInclude>
    <ClInclude Include="weaponBase.h">
      <Filter>main\classes\scene\02_inGame\classes\object\weapon\_base</Filter>
    </ClInclude>
    <ClInclude Include="gDigit.h">
      <Filter>classes\global\function\gDigit</Filter>
    </ClInclude>
    <ClInclude Include="characterBase.h">
      <Filter>main\classes\scene\02_inGame\classes\object\character\_base</Filter>
    </ClInclude>
    <ClInclude Include="controllerBase.h">
      <Filter>main\classes\scene\02_inGame\classes\object\AI\_base</Filter>
    </ClInclude>
    <ClInclude Include="gameSystem.h">
      <Filter>main\classes\scene\02_inGame\classes\singleton</Filter>
    </ClInclude>
    <ClInclude Include="aStar_grape.hpp">
      <Filter>main\classes\pathfind\aStar\grape\_base</Filter>
    </ClInclude>
    <ClInclude Include="inGame_digit.h">
      <Filter>main\classes\scene\02_inGame\classes\data</Filter>
    </ClInclude>
    <ClInclude Include="inGame_struct.h">
      <Filter>main\classes\scene\02_inGame\classes\data</Filter>
    </ClInclude>
    <ClInclude Include="inGame_value.h">
      <Filter>main\classes\scene\02_inGame\classes\data</Filter>
    </ClInclude>
    <ClInclude Include="charaterArea.h">
      <Filter>classes\global\utility\debug\area</Filter>
    </ClInclude>
    <ClInclude Include="wallCollision.h">
      <Filter>main\classes\collision\test</Filter>
    </ClInclude>
    <ClInclude Include="enemyController.h">
      <Filter>main\classes\scene\02_inGame\classes\object\AI\enemy\_base</Filter>
    </ClInclude>
    <ClInclude Include="playerController.h">
      <Filter>main\classes\scene\02_inGame\classes\object\AI\player</Filter>
    </ClInclude>
    <ClInclude Include="survivorController.h">
      <Filter>main\classes\scene\02_inGame\classes\object\AI\survivor</Filter>
    </ClInclude>
    <ClInclude Include="survivorBase.h">
      <Filter>main\classes\scene\02_inGame\classes\object\character\survivor\_base</Filter>
    </ClInclude>
    <ClInclude Include="player.h">
      <Filter>main\classes\scene\02_inGame\classes\object\character\survivor\player</Filter>
    </ClInclude>
    <ClInclude Include="sceneTest3.h">
      <Filter>main\classes\scene\test</Filter>
    </ClInclude>
    <ClInclude Include="inGame_node.h">
      <Filter>main\classes\scene\02_inGame\classes\data\node</Filter>
    </ClInclude>
    <ClInclude Include="inGame_field.h">
      <Filter>main\classes\scene\02_inGame\classes\data\field</Filter>
    </ClInclude>
    <ClInclude Include="inGame_io.h">
      <Filter>main\classes\scene\02_inGame\classes\data\io</Filter>
    </ClInclude>
    <ClInclude Include="weaponShotgun.h">
      <Filter>main\classes\scene\02_inGame\classes\object\weapon</Filter>
    </ClInclude>
    <ClInclude Include="weaponRifle.h">
      <Filter>main\classes\scene\02_inGame\classes\object\weapon</Filter>
    </ClInclude>
    <ClInclude Include="patternMeshDup.h">
      <Filter>classes\global\utility\object\renderObject\mesh\skinnedMesh\duplicate</Filter>
    </ClInclude>
    <ClInclude Include="triggerBase.h">
      <Filter>main\classes\scene\02_inGame\classes\object\trigger\_base</Filter>
    </ClInclude>
    <ClInclude Include="weaponHealkit.h">
      <Filter>main\classes\scene\02_inGame\classes\object\weapon</Filter>
    </ClInclude>
    <ClInclude Include="bulletBase.h">
      <Filter>main\classes\scene\02_inGame\classes\object\bullet\_base</Filter>
    </ClInclude>
    <ClInclude Include="gunBullet.h">
      <Filter>main\classes\scene\02_inGame\classes\object\bullet\object</Filter>
    </ClInclude>
    <ClInclude Include="fistBullet.h">
      <Filter>main\classes\scene\02_inGame\classes\object\bullet\object</Filter>
    </ClInclude>
    <ClInclude Include="inGame_grape.h">
      <Filter>main\classes\scene\02_inGame\classes\data\grape</Filter>
    </ClInclude>
    <ClInclude Include="skyBox.h">
      <Filter>classes\global\utility\object\renderObject\skyBox</Filter>
    </ClInclude>
    <ClInclude Include="inGame_grape.hpp">
      <Filter>main\classes\scene\02_inGame\classes\data\grape</Filter>
    </ClInclude>
    <ClInclude Include="weaponNormal.h">
      <Filter>main\classes\scene\02_inGame\classes\object\weapon</Filter>
    </ClInclude>
    <ClInclude Include="weaponTest.h">
      <Filter>main\classes\scene\02_inGame\classes\object\weapon\test</Filter>
    </ClInclude>
    <ClInclude Include="weaponManager.h">
      <Filter>classes\global\utility\manager\common\weapon</Filter>
    </ClInclude>
    <ClInclude Include="inGameCamera.h">
      <Filter>main\classes\scene\02_inGame\classes\object\camera</Filter>
    </ClInclude>
    <ClInclude Include="staticMesh.h">
      <Filter>classes\global\utility\object\renderObject\mesh\staticMesh\_base</Filter>
    </ClInclude>
    <ClInclude Include="triggerFactory.h">
      <Filter>main\classes\scene\02_inGame\classes\object\trigger\factory</Filter>
    </ClInclude>
    <ClInclude Include="eventAirPlane.h">
      <Filter>main\classes\event\00_eventAirPlane</Filter>
    </ClInclude>
    <ClInclude Include="eventMoveFar2building.h">
      <Filter>main\classes\event\01_moveFar2building</Filter>
    </ClInclude>
    <ClInclude Include="maptool_brush_node.h">
      <Filter>main\classes\scene\01_mapTool\classes\brush\node</Filter>
    </ClInclude>
    <ClInclude Include="triggerMesh.h">
      <Filter>classes\global\utility\object\renderObject\mesh\staticMesh\triggerMesh</Filter>
    </ClInclude>
    <ClInclude Include="wallMesh.h">
      <Filter>classes\global\utility\object\renderObject\mesh\wallMesh</Filter>
    </ClInclude>
    <ClInclude Include="sceneTest4.h">
      <Filter>main\classes\scene\test</Filter>
    </ClInclude>
    <ClInclude Include="tankController.h">
      <Filter>main\classes\scene\02_inGame\classes\object\AI\enemy\tank</Filter>
    </ClInclude>
    <ClInclude Include="enemyFactory.h">
      <Filter>main\classes\scene\02_inGame\classes\object\character\enemy\factory</Filter>
    </ClInclude>
    <ClInclude Include="enemyBase.h">
      <Filter>main\classes\scene\02_inGame\classes\object\character\enemy\_base</Filter>
    </ClInclude>
    <ClInclude Include="menuScene.h">
      <Filter>main\classes\scene\02_inGame</Filter>
    </ClInclude>
    <ClInclude Include="enemyFactory.h" />
    <ClInclude Include="eShootWeapon.h">
      <Filter>main\classes\event\02_shootWeapon</Filter>
    </ClInclude>
    <ClInclude Include="eHitBullet.h">
      <Filter>main\classes\event\03_hitBullet</Filter>
    </ClInclude>
    <ClInclude Include="soundManager.h">
      <Filter>classes\global\utility\manager\common\sound</Filter>
    </ClInclude>
    <ClInclude Include="bulletManager.h">
      <Filter>main\classes\scene\02_inGame\classes\object\bullet</Filter>
    </ClInclude>
    <ClInclude Include="spawner.h">
      <Filter>main\classes\scene\02_inGame\classes\object\spawner</Filter>
    </ClInclude>
    <ClInclude Include="maptool_brush_spawner.h">
      <Filter>main\classes\scene\01_mapTool\classes\brush\spawner</Filter>
    </ClInclude>
  </ItemGroup>
  <ItemGroup>
    <ClCompile Include="windowManager.cpp">
      <Filter>classes\global\utility\manager\direct\window</Filter>
    </ClCompile>
    <ClCompile Include="direct3dApplication.cpp">
      <Filter>classes\global\utility\application\direct3dApplication</Filter>
    </ClCompile>
    <ClCompile Include="deviceManager.cpp">
      <Filter>classes\global\utility\manager\direct\device</Filter>
    </ClCompile>
    <ClCompile Include="iWindowApplication.cpp">
      <Filter>classes\global\utility\application\windowApplication</Filter>
    </ClCompile>
    <ClCompile Include="timeManager.cpp">
      <Filter>classes\global\utility\manager\direct\time</Filter>
    </ClCompile>
    <ClCompile Include="inputManager.cpp">
      <Filter>classes\global\utility\manager\direct\input</Filter>
    </ClCompile>
    <ClCompile Include="baseObject.cpp">
      <Filter>classes\global\utility\object\_base</Filter>
    </ClCompile>
    <ClCompile Include="camera.cpp">
      <Filter>classes\global\utility\object\camera\_base</Filter>
    </ClCompile>
    <ClCompile Include="cameraControlable.cpp">
      <Filter>classes\global\utility\object\camera\controlable</Filter>
    </ClCompile>
    <ClCompile Include="gFunc.cpp">
      <Filter>classes\global\function\gFunc</Filter>
    </ClCompile>
    <ClCompile Include="resourceManager.cpp">
      <Filter>classes\global\utility\manager\direct\resource</Filter>
    </ClCompile>
    <ClCompile Include="debugGrid.cpp">
      <Filter>classes\global\utility\debug\grid</Filter>
    </ClCompile>
    <ClCompile Include="renderObject.cpp">
      <Filter>classes\global\utility\object\renderObject\_base</Filter>
    </ClCompile>
    <ClCompile Include="defaulteCube.cpp">
      <Filter>classes\global\utility\object\renderObject\defaulteCube</Filter>
    </ClCompile>
    <ClCompile Include="allocateHierarchy.cpp">
      <Filter>classes\global\utility\animation\allocateHierarchy</Filter>
    </ClCompile>
    <ClCompile Include="lightBase.cpp">
      <Filter>classes\global\utility\object\light\_base</Filter>
    </ClCompile>
    <ClCompile Include="labelBase.cpp">
      <Filter>classes\global\utility\object\UI\label\_base</Filter>
    </ClCompile>
    <ClCompile Include="spriteBase.cpp">
      <Filter>classes\global\utility\object\UI\sprite\_base</Filter>
    </ClCompile>
    <ClCompile Include="debugGizmo.cpp">
      <Filter>classes\global\utility\debug\gizmo</Filter>
    </ClCompile>
    <ClCompile Include="UIBase.cpp">
      <Filter>classes\global\utility\object\UI\_base</Filter>
    </ClCompile>
    <ClCompile Include="terrain.cpp">
      <Filter>classes\global\utility\object\renderObject\terrian</Filter>
    </ClCompile>
    <ClCompile Include="pickRay.cpp">
      <Filter>classes\global\function\pickRay</Filter>
    </ClCompile>
    <ClCompile Include="particleEmitter.cpp">
      <Filter>classes\global\utility\particle\emitter</Filter>
    </ClCompile>
    <ClCompile Include="particleSystem.cpp">
      <Filter>classes\global\utility\particle\system</Filter>
    </ClCompile>
    <ClCompile Include="particlePoint.cpp">
      <Filter>classes\global\utility\object\renderObject\particle\point</Filter>
    </ClCompile>
    <ClCompile Include="winMain.cpp">
      <Filter>main\winMain</Filter>
    </ClCompile>
    <ClCompile Include="mainGame.cpp">
      <Filter>main\classes\scene\00_mainGame</Filter>
    </ClCompile>
    <ClCompile Include="sceneManager.cpp">
      <Filter>classes\global\utility\manager\common\scene</Filter>
    </ClCompile>
    <ClCompile Include="sceneBase.cpp">
      <Filter>main\classes\scene\_base</Filter>
    </ClCompile>
    <ClCompile Include="particleCreater.cpp">
      <Filter>classes\global\utility\particle\creater</Filter>
    </ClCompile>
    <ClCompile Include="particleQuad.cpp">
      <Filter>classes\global\utility\object\renderObject\particle\quad</Filter>
    </ClCompile>
    <ClCompile Include="sceneTest1.cpp">
      <Filter>main\classes\scene\test</Filter>
    </ClCompile>
    <ClCompile Include="sceneTest2.cpp">
      <Filter>main\classes\scene\test</Filter>
    </ClCompile>
    <ClCompile Include="field.cpp">
      <Filter>classes\global\utility\object\renderObject\field</Filter>
    </ClCompile>
    <ClCompile Include="sceneMapTool.cpp">
      <Filter>main\classes\scene\01_mapTool</Filter>
    </ClCompile>
    <ClCompile Include="uiManager.cpp">
      <Filter>classes\global\utility\manager\common\UI</Filter>
    </ClCompile>
    <ClCompile Include="windowBase.cpp">
      <Filter>main\classes\windowUI\window\_base</Filter>
    </ClCompile>
    <ClCompile Include="buttonBase.cpp">
      <Filter>main\classes\windowUI\button\_base</Filter>
    </ClCompile>
    <ClCompile Include="debugDraw.cpp">
      <Filter>classes\global\utility\debug\draw</Filter>
    </ClCompile>
    <ClCompile Include="gJson.cpp">
      <Filter>classes\global\function\gJson</Filter>
    </ClCompile>
    <ClCompile Include="maptool_window.cpp">
      <Filter>main\classes\scene\01_mapTool\collection\window</Filter>
    </ClCompile>
    <ClCompile Include="maptool_cursur.cpp">
      <Filter>main\classes\scene\01_mapTool\cursur\_base</Filter>
    </ClCompile>
    <ClCompile Include="windowRenderTarget.cpp">
      <Filter>main\classes\windowUI\window\surface</Filter>
    </ClCompile>
    <ClCompile Include="buttonStatic.cpp">
      <Filter>main\classes\windowUI\button\static\_base</Filter>
    </ClCompile>
    <ClCompile Include="windowStatic.cpp">
      <Filter>main\classes\windowUI\window\static\_base</Filter>
    </ClCompile>
    <ClCompile Include="buttonMoveBar.cpp">
      <Filter>main\classes\windowUI\button\static\moveBar</Filter>
    </ClCompile>
    <ClCompile Include="buttonScrollVertical.cpp">
      <Filter>main\classes\windowUI\button\static\scrollVertical</Filter>
    </ClCompile>
    <ClCompile Include="windowMoveable.cpp">
      <Filter>main\classes\windowUI\window\static\_base\moveable\_base</Filter>
    </ClCompile>
    <ClCompile Include="maptool_data_io.cpp">
      <Filter>main\classes\scene\01_mapTool\classes\data\io</Filter>
    </ClCompile>
    <ClCompile Include="windowCtlogMaptool.cpp">
      <Filter>main\classes\windowUI\window\static\_base\moveable\catalog\maptool</Filter>
    </ClCompile>
    <ClCompile Include="IbuttonScroll.cpp">
      <Filter>main\classes\windowUI\button\import</Filter>
    </ClCompile>
    <ClCompile Include="eventCatcher.cpp">
      <Filter>main\classes\event\_catcher</Filter>
    </ClCompile>
    <ClCompile Include="eventManager.cpp">
      <Filter>classes\global\utility\manager\common\event</Filter>
    </ClCompile>
    <ClCompile Include="quadTree.cpp">
      <Filter>main\classes\quadTree\_base</Filter>
    </ClCompile>
    <ClCompile Include="frustum.cpp">
      <Filter>main\classes\frustum\_base</Filter>
    </ClCompile>
    <ClCompile Include="maptool_field.cpp">
      <Filter>main\classes\scene\01_mapTool\collection\field</Filter>
    </ClCompile>
    <ClCompile Include="boxObject.cpp">
      <Filter>main\classes\collision\test</Filter>
    </ClCompile>
    <ClCompile Include="sceneCollisionTest.cpp">
      <Filter>main\classes\collision\test</Filter>
    </ClCompile>
    <ClCompile Include="quadTree_Frustum.cpp">
      <Filter>main\classes\quadTree\frustum</Filter>
    </ClCompile>
    <ClCompile Include="maptool_data_catalog.cpp">
      <Filter>main\classes\scene\01_mapTool\classes\data\catalog</Filter>
    </ClCompile>
    <ClCompile Include="maptool_render.cpp">
      <Filter>main\classes\scene\01_mapTool\collection\render</Filter>
    </ClCompile>
    <ClCompile Include="maptool_io.cpp">
      <Filter>main\classes\scene\01_mapTool\collection\io</Filter>
    </ClCompile>
    <ClCompile Include="windowMvList.cpp">
      <Filter>main\classes\windowUI\window\static\_base\moveable\list\_base</Filter>
    </ClCompile>
    <ClCompile Include="windowSelection.cpp">
      <Filter>main\classes\windowUI\window\static\selection</Filter>
    </ClCompile>
    <ClCompile Include="buttonItem.cpp">
      <Filter>main\classes\windowUI\button\static\item\_base</Filter>
    </ClCompile>
    <ClCompile Include="buttonItemText.cpp">
      <Filter>main\classes\windowUI\button\static\item\text</Filter>
    </ClCompile>
    <ClCompile Include="textManager.cpp">
      <Filter>classes\global\utility\manager\common\text</Filter>
    </ClCompile>
    <ClCompile Include="mapObject.cpp">
      <Filter>main\classes\map</Filter>
    </ClCompile>
    <ClCompile Include="mapObjectBase.cpp">
      <Filter>main\classes\map</Filter>
    </ClCompile>
    <ClCompile Include="skinnedMesh.cpp">
      <Filter>classes\global\utility\object\renderObject\mesh\skinnedMesh\_base</Filter>
    </ClCompile>
    <ClCompile Include="pathfind_grape.cpp">
      <Filter>main\classes\pathfind\_base\grape</Filter>
    </ClCompile>
    <ClCompile Include="pathfind_node.cpp">
      <Filter>main\classes\pathfind\_base\node</Filter>
    </ClCompile>
    <ClCompile Include="aStar_node.cpp">
      <Filter>main\classes\pathfind\aStar\node</Filter>
    </ClCompile>
    <ClCompile Include="aStar_runner.cpp">
      <Filter>main\classes\pathfind\aStar\runner</Filter>
    </ClCompile>
    <ClCompile Include="aStar_path.cpp">
      <Filter>main\classes\pathfind\aStar\path</Filter>
    </ClCompile>
    <ClCompile Include="PatternManager.cpp">
      <Filter>classes\global\utility\manager\common\pattern</Filter>
    </ClCompile>
    <ClCompile Include="AnimationTester.cpp">
      <Filter>main\classes\scene\test</Filter>
    </ClCompile>
    <ClCompile Include="animationController.cpp">
      <Filter>classes\global\utility\animation\controller</Filter>
    </ClCompile>
    <ClCompile Include="animationControllerDigit.cpp">
      <Filter>classes\global\utility\animation\controllerDigit</Filter>
    </ClCompile>
    <ClCompile Include="patternMesh.cpp">
      <Filter>classes\global\utility\object\renderObject\mesh\skinnedMesh\patternMesh</Filter>
    </ClCompile>
    <ClCompile Include="maptool_brush.cpp">
      <Filter>main\classes\scene\01_mapTool\classes\brush\_base</Filter>
    </ClCompile>
    <ClCompile Include="maptool_brush_trigger.cpp">
      <Filter>main\classes\scene\01_mapTool\classes\brush\trigger</Filter>
    </ClCompile>
    <ClCompile Include="maptool_brush_prop.cpp">
      <Filter>main\classes\scene\01_mapTool\classes\brush\prop</Filter>
    </ClCompile>
    <ClCompile Include="nodeMesh.cpp">
      <Filter>classes\global\utility\object\renderObject\mesh\staticMesh\nodeMesh</Filter>
    </ClCompile>
    <ClCompile Include="weaponBase.cpp">
      <Filter>main\classes\scene\02_inGame\classes\object\weapon\_base</Filter>
    </ClCompile>
    <ClCompile Include="charaterArea.cpp">
      <Filter>classes\global\utility\debug\area</Filter>
    </ClCompile>
    <ClCompile Include="wallCollision.cpp">
      <Filter>main\classes\collision\test</Filter>
    </ClCompile>
    <ClCompile Include="gDigit.cpp">
      <Filter>classes\global\function\gDigit</Filter>
    </ClCompile>
    <ClCompile Include="characterBase.cpp">
      <Filter>main\classes\scene\02_inGame\classes\object\character\_base</Filter>
    </ClCompile>
    <ClCompile Include="controllerBase.cpp">
      <Filter>main\classes\scene\02_inGame\classes\object\AI\_base</Filter>
    </ClCompile>
    <ClCompile Include="gameSystem.cpp">
      <Filter>main\classes\scene\02_inGame\classes\singleton</Filter>
    </ClCompile>
    <ClCompile Include="aStar_grape.cpp">
      <Filter>main\classes\pathfind\aStar\grape\_base</Filter>
    </ClCompile>
    <ClCompile Include="enemyController.cpp">
      <Filter>main\classes\scene\02_inGame\classes\object\AI\enemy\_base</Filter>
    </ClCompile>
    <ClCompile Include="playerController.cpp">
      <Filter>main\classes\scene\02_inGame\classes\object\AI\player</Filter>
    </ClCompile>
    <ClCompile Include="survivorController.cpp">
      <Filter>main\classes\scene\02_inGame\classes\object\AI\survivor</Filter>
    </ClCompile>
    <ClCompile Include="survivorBase.cpp">
      <Filter>main\classes\scene\02_inGame\classes\object\character\survivor\_base</Filter>
    </ClCompile>
    <ClCompile Include="player.cpp">
      <Filter>main\classes\scene\02_inGame\classes\object\character\survivor\player</Filter>
    </ClCompile>
    <ClCompile Include="sceneTest3.cpp">
      <Filter>main\classes\scene\test</Filter>
    </ClCompile>
    <ClCompile Include="inGame_node.cpp">
      <Filter>main\classes\scene\02_inGame\classes\data\node</Filter>
    </ClCompile>
    <ClCompile Include="inGame_field.cpp">
      <Filter>main\classes\scene\02_inGame\classes\data\field</Filter>
    </ClCompile>
    <ClCompile Include="inGame_io.cpp">
      <Filter>main\classes\scene\02_inGame\classes\data\io</Filter>
    </ClCompile>
    <ClCompile Include="weaponRifle.cpp">
      <Filter>main\classes\scene\02_inGame\classes\object\weapon</Filter>
    </ClCompile>
    <ClCompile Include="weaponShotgun.cpp">
      <Filter>main\classes\scene\02_inGame\classes\object\weapon</Filter>
    </ClCompile>
    <ClCompile Include="patternMeshDup.cpp">
      <Filter>classes\global\utility\object\renderObject\mesh\skinnedMesh\duplicate</Filter>
    </ClCompile>
    <ClCompile Include="triggerBase.cpp">
      <Filter>main\classes\scene\02_inGame\classes\object\trigger\_base</Filter>
    </ClCompile>
    <ClCompile Include="weaponHealkit.cpp">
      <Filter>main\classes\scene\02_inGame\classes\object\weapon</Filter>
    </ClCompile>
    <ClCompile Include="weaponNormal.cpp">
      <Filter>main\classes\scene\02_inGame\classes\object\weapon</Filter>
    </ClCompile>
    <ClCompile Include="bulletBase.cpp">
      <Filter>main\classes\scene\02_inGame\classes\object\bullet\_base</Filter>
    </ClCompile>
    <ClCompile Include="fistBullet.cpp">
      <Filter>main\classes\scene\02_inGame\classes\object\bullet\object</Filter>
    </ClCompile>
    <ClCompile Include="gunBullet.cpp">
      <Filter>main\classes\scene\02_inGame\classes\object\bullet\object</Filter>
    </ClCompile>
    <ClCompile Include="skyBox.cpp">
      <Filter>classes\global\utility\object\renderObject\skyBox</Filter>
    </ClCompile>
    <ClCompile Include="weaponTest.cpp">
      <Filter>main\classes\scene\02_inGame\classes\object\weapon\test</Filter>
    </ClCompile>
    <ClCompile Include="weaponManager.cpp">
      <Filter>classes\global\utility\manager\common\weapon</Filter>
    </ClCompile>
    <ClCompile Include="inGameCamera.cpp">
      <Filter>main\classes\scene\02_inGame\classes\object\camera</Filter>
    </ClCompile>
    <ClCompile Include="staticMesh.cpp">
      <Filter>classes\global\utility\object\renderObject\mesh\staticMesh\_base</Filter>
    </ClCompile>
    <ClCompile Include="triggerFactory.cpp">
      <Filter>main\classes\scene\02_inGame\classes\object\trigger\factory</Filter>
    </ClCompile>
    <ClCompile Include="eventAirPlane.cpp">
      <Filter>main\classes\event\00_eventAirPlane</Filter>
    </ClCompile>
    <ClCompile Include="eventMoveFar2building.cpp">
      <Filter>main\classes\event\01_moveFar2building</Filter>
    </ClCompile>
    <ClCompile Include="maptool_brush_node.cpp">
      <Filter>main\classes\scene\01_mapTool\classes\brush\node</Filter>
    </ClCompile>
    <ClCompile Include="triggerMesh.cpp">
      <Filter>classes\global\utility\object\renderObject\mesh\staticMesh\triggerMesh</Filter>
    </ClCompile>
    <ClCompile Include="sceneInGame.cpp">
      <Filter>main\classes\scene\02_inGame</Filter>
    </ClCompile>
    <ClCompile Include="wallMesh.cpp">
      <Filter>classes\global\utility\object\renderObject\mesh\wallMesh</Filter>
    </ClCompile>
    <ClCompile Include="sceneTest4.cpp">
      <Filter>main\classes\scene\test</Filter>
    </ClCompile>
    <ClCompile Include="tankController.cpp">
      <Filter>main\classes\scene\02_inGame\classes\object\AI\enemy\tank</Filter>
    </ClCompile>
    <ClCompile Include="enemyFactory.cpp">
      <Filter>main\classes\scene\02_inGame\classes\object\character\enemy\factory</Filter>
    </ClCompile>
    <ClCompile Include="enemyBase.cpp">
      <Filter>main\classes\scene\02_inGame\classes\object\character\enemy\_base</Filter>
    </ClCompile>
    <ClCompile Include="enemyFactory.cpp" />
    <ClCompile Include="menuScene.cpp">
      <Filter>main\classes\scene\02_inGame</Filter>
    </ClCompile>
    <ClCompile Include="eShootWeapon.cpp">
      <Filter>main\classes\event\02_shootWeapon</Filter>
    </ClCompile>
    <ClCompile Include="eHitBullet.cpp">
      <Filter>main\classes\event\03_hitBullet</Filter>
    </ClCompile>
    <ClCompile Include="soundManager.cpp">
      <Filter>classes\global\utility\manager\common\sound</Filter>
    </ClCompile>
    <ClCompile Include="spawner.cpp">
      <Filter>main\classes\scene\02_inGame\classes\object\spawner</Filter>
    </ClCompile>
    <ClCompile Include="maptool_brush_spawner.cpp">
      <Filter>main\classes\scene\01_mapTool\classes\brush\spawner</Filter>
    </ClCompile>
    <ClCompile Include="bulletManager.cpp">
      <Filter>main\classes\scene\02_inGame\classes\object\bullet</Filter>
    </ClCompile>
  </ItemGroup>
  <ItemGroup>
    <None Include="gMng.inl">
      <Filter>classes\global\function\gManager</Filter>
    </None>
    <None Include="resource\mesh\WitchApprentice\WitchApprentice.x">
      <Filter>Resource\mesh\WitchApprentice</Filter>
    </None>
    <None Include="resource\mesh\L4D1\male\male.X">
      <Filter>Resource\mesh\L4D1\male</Filter>
    </None>
    <None Include="resource\mesh\L4D1\Biker\biker.X">
      <Filter>Resource\mesh\L4D1\Biker</Filter>
    </None>
    <None Include="resource\mesh\L4D1\bill\bill.X">
      <Filter>Resource\mesh\L4D1\bill</Filter>
    </None>
    <None Include="resource\mesh\L4D1\c130\c130.X">
      <Filter>Resource\mesh\L4D1\c130</Filter>
    </None>
    <None Include="resource\mesh\L4D1\c130\c130_1.X">
      <Filter>Resource\mesh\L4D1\c130</Filter>
    </None>
    <None Include="resource\mesh\L4D1\female\female.X">
      <Filter>Resource\mesh\L4D1\female</Filter>
    </None>
    <None Include="resource\mesh\L4D1\hulk\hulk.X">
      <Filter>Resource\mesh\L4D1\hulk</Filter>
    </None>
    <None Include="resource\mesh\L4D1\Manager\manager.X">
      <Filter>Resource\mesh\L4D1\Manager</Filter>
    </None>
    <None Include="resource\mesh\L4D1\Namvet\namvet.X">
      <Filter>Resource\mesh\L4D1\Namvet</Filter>
    </None>
    <None Include="resource\mesh\L4D1\Teenangst\teenangst.X">
      <Filter>Resource\mesh\L4D1\Teenangst</Filter>
    </None>
    <None Include="resource\mesh\L4D1\smoker\smoker.X">
      <Filter>Resource\mesh\L4D1\smoker</Filter>
    </None>
    <None Include="resource\mesh\L4D1\male\male1.X">
      <Filter>Resource\mesh\L4D1\male</Filter>
    </None>
    <None Include="..\..\..\..\..\..\Desktop\Max Projects\export\items\uzi.X">
      <Filter>Resource\mesh\L4D1\items</Filter>
    </None>
    <None Include="..\..\..\..\..\..\Desktop\Max Projects\export\items\medikit.X">
      <Filter>Resource\mesh\L4D1\items</Filter>
    </None>
  </ItemGroup>
  <ItemGroup>
    <Image Include="resource\mesh\WitchApprentice\WitchApprentice_diff.bmp">
      <Filter>Resource\mesh\WitchApprentice</Filter>
    </Image>
    <Image Include="resource\mesh\WitchApprentice\WitchApprentice_w_diff.bmp">
      <Filter>Resource\mesh\WitchApprentice</Filter>
    </Image>
    <Image Include="resource\mesh\L4D1\male\common_male_upper_01.tga">
      <Filter>Resource\mesh\L4D1\male</Filter>
    </Image>
    <Image Include="resource\mesh\L4D1\male\common_male_lower_01.tga">
      <Filter>Resource\mesh\L4D1\male</Filter>
    </Image>
    <Image Include="resource\mesh\L4D1\male\common_male_suit_01_head_01.tga">
      <Filter>Resource\mesh\L4D1\male</Filter>
    </Image>
    <Image Include="resource\mesh\L4D1\Biker\francis_color.tga">
      <Filter>Resource\mesh\L4D1\Biker</Filter>
    </Image>
    <Image Include="resource\mesh\L4D1\Biker\francis_color_normal.tga">
      <Filter>Resource\mesh\L4D1\Biker</Filter>
    </Image>
    <Image Include="resource\mesh\L4D1\Biker\francis_hair.tga">
      <Filter>Resource\mesh\L4D1\Biker</Filter>
    </Image>
    <Image Include="resource\mesh\L4D1\Biker\francis_head.tga">
      <Filter>Resource\mesh\L4D1\Biker</Filter>
    </Image>
    <Image Include="resource\mesh\L4D1\Biker\francis_head_normal.tga">
      <Filter>Resource\mesh\L4D1\Biker</Filter>
    </Image>
    <Image Include="resource\mesh\L4D1\Biker\green_iris.tga">
      <Filter>Resource\mesh\L4D1\Biker</Filter>
    </Image>
    <Image Include="resource\mesh\L4D1\bill\bill_color.tga">
      <Filter>Resource\mesh\L4D1\bill</Filter>
    </Image>
    <Image Include="resource\mesh\L4D1\bill\bill_hair.tga">
      <Filter>Resource\mesh\L4D1\bill</Filter>
    </Image>
    <Image Include="resource\mesh\L4D1\bill\bill_head.tga">
      <Filter>Resource\mesh\L4D1\bill</Filter>
    </Image>
    <Image Include="resource\mesh\L4D1\bill\blue_iris.tga">
      <Filter>Resource\mesh\L4D1\bill</Filter>
    </Image>
    <Image Include="resource\mesh\L4D1\c130\c130_1.tga">
      <Filter>Resource\mesh\L4D1\c130</Filter>
    </Image>
    <Image Include="resource\mesh\L4D1\c130\c130_2.tga">
      <Filter>Resource\mesh\L4D1\c130</Filter>
    </Image>
    <Image Include="resource\mesh\L4D1\c130\c130_propeller.tga">
      <Filter>Resource\mesh\L4D1\c130</Filter>
    </Image>
    <Image Include="resource\mesh\L4D1\c130\c130_propeller_static.tga">
      <Filter>Resource\mesh\L4D1\c130</Filter>
    </Image>
    <Image Include="resource\mesh\L4D1\female\common_female_casual_head_01.tga">
      <Filter>Resource\mesh\L4D1\female</Filter>
    </Image>
    <Image Include="resource\mesh\L4D1\female\common_female_casual_lower_01.tga">
      <Filter>Resource\mesh\L4D1\female</Filter>
    </Image>
    <Image Include="resource\mesh\L4D1\female\common_female_casual_upper_01.tga">
      <Filter>Resource\mesh\L4D1\female</Filter>
    </Image>
    <Image Include="resource\mesh\L4D1\hulk\hulk_01.tga">
      <Filter>Resource\mesh\L4D1\hulk</Filter>
    </Image>
    <Image Include="resource\mesh\L4D1\hulk\hulk_01_normal.tga">
      <Filter>Resource\mesh\L4D1\hulk</Filter>
    </Image>
    <Image Include="resource\mesh\L4D1\Manager\blue_iris.tga">
      <Filter>Resource\mesh\L4D1\Manager</Filter>
    </Image>
    <Image Include="resource\mesh\L4D1\Manager\brown_iris.tga">
      <Filter>Resource\mesh\L4D1\Manager</Filter>
    </Image>
    <Image Include="resource\mesh\L4D1\Manager\louis_color.tga">
      <Filter>Resource\mesh\L4D1\Manager</Filter>
    </Image>
    <Image Include="resource\mesh\L4D1\Manager\louis_color_normal.tga">
      <Filter>Resource\mesh\L4D1\Manager</Filter>
    </Image>
    <Image Include="resource\mesh\L4D1\Manager\louis_head.tga">
      <Filter>Resource\mesh\L4D1\Manager</Filter>
    </Image>
    <Image Include="resource\mesh\L4D1\Manager\louis_head_normal.tga">
      <Filter>Resource\mesh\L4D1\Manager</Filter>
    </Image>
    <Image Include="resource\mesh\L4D1\Namvet\bill_color.tga">
      <Filter>Resource\mesh\L4D1\Namvet</Filter>
    </Image>
    <Image Include="resource\mesh\L4D1\Namvet\bill_color_normal.tga">
      <Filter>Resource\mesh\L4D1\Namvet</Filter>
    </Image>
    <Image Include="resource\mesh\L4D1\Namvet\bill_hair.tga">
      <Filter>Resource\mesh\L4D1\Namvet</Filter>
    </Image>
    <Image Include="resource\mesh\L4D1\Namvet\bill_head.tga">
      <Filter>Resource\mesh\L4D1\Namvet</Filter>
    </Image>
    <Image Include="resource\mesh\L4D1\Namvet\bill_head_normal.tga">
      <Filter>Resource\mesh\L4D1\Namvet</Filter>
    </Image>
    <Image Include="resource\mesh\L4D1\Namvet\blue_iris.tga">
      <Filter>Resource\mesh\L4D1\Namvet</Filter>
    </Image>
    <Image Include="resource\mesh\L4D1\Namvet\green_iris.tga">
      <Filter>Resource\mesh\L4D1\Namvet</Filter>
    </Image>
    <Image Include="resource\mesh\L4D1\Teenangst\blue_iris.tga">
      <Filter>Resource\mesh\L4D1\Teenangst</Filter>
    </Image>
    <Image Include="resource\mesh\L4D1\Teenangst\brown_iris.tga">
      <Filter>Resource\mesh\L4D1\Teenangst</Filter>
    </Image>
    <Image Include="resource\mesh\L4D1\Teenangst\zoey_color.tga">
      <Filter>Resource\mesh\L4D1\Teenangst</Filter>
    </Image>
    <Image Include="resource\mesh\L4D1\Teenangst\zoey_color_normal.tga">
      <Filter>Resource\mesh\L4D1\Teenangst</Filter>
    </Image>
    <Image Include="resource\mesh\L4D1\Teenangst\zoey_hair.tga">
      <Filter>Resource\mesh\L4D1\Teenangst</Filter>
    </Image>
    <Image Include="resource\mesh\L4D1\Teenangst\zoey_head.tga">
      <Filter>Resource\mesh\L4D1\Teenangst</Filter>
    </Image>
    <Image Include="resource\mesh\L4D1\Teenangst\zoey_head_normal.tga">
      <Filter>Resource\mesh\L4D1\Teenangst</Filter>
    </Image>
    <Image Include="resource\mesh\L4D1\Teenangst\zoey_normal.tga">
      <Filter>Resource\mesh\L4D1\Teenangst</Filter>
    </Image>
    <Image Include="resource\mesh\L4D1\smoker\boomer_hair.tga">
      <Filter>Resource\mesh\L4D1\smoker</Filter>
    </Image>
    <Image Include="resource\mesh\L4D1\smoker\smoker.tga">
      <Filter>Resource\mesh\L4D1\smoker</Filter>
    </Image>
    <Image Include="resource\mesh\L4D1\smoker\smoker_normal.tga">
      <Filter>Resource\mesh\L4D1\smoker</Filter>
    </Image>
    <Image Include="..\..\..\..\..\..\Desktop\Max Projects\export\items\w_eq_medkit.tga">
      <Filter>Resource\mesh\L4D1\items</Filter>
    </Image>
    <Image Include="..\..\..\..\..\..\Desktop\Max Projects\export\items\uzi.tga">
      <Filter>Resource\mesh\L4D1\items</Filter>
    </Image>
  </ItemGroup>
</Project>